
Microsoft Visual Studio Solution File, Format Version 12.00
# Visual Studio Version 17
VisualStudioVersion = 17.6.33815.320
MinimumVisualStudioVersion = 10.0.40219.1
Project("{9A19103F-16F7-4668-BE54-9A1E7A4F7556}") = "API", "API\API.csproj", "{54C69508-2C03-4E76-90C3-F88D49B24543}"
EndProject
Project("{9A19103F-16F7-4668-BE54-9A1E7A4F7556}") = "Infrastructure", "Infrastructure\Infrastructure.csproj", "{13CE670E-9901-4D46-8FAC-339531A40B41}"
EndProject
Project("{9A19103F-16F7-4668-BE54-9A1E7A4F7556}") = "Domain", "Domain\Domain.csproj", "{CDEE1988-5103-43B2-B4B5-0458389ECE55}"
EndProject
Project("{9A19103F-16F7-4668-BE54-9A1E7A4F7556}") = "Application", "Application\Application.csproj", "{4012700B-4717-4FC3-ABF3-531C83DDC058}"
EndProject
Project("{9A19103F-16F7-4668-BE54-9A1E7A4F7556}") = "Contract", "Contracts\Contract.csproj", "{FF559519-3747-4EF4-AD36-5783A112E177}"
EndProject
Project("{2150E333-8FDC-42A3-9474-1A3956D46DE8}") = "Core", "Core", "{7E6A639F-2A8D-4A7A-BCE5-63060074958F}"
EndProject
Project("{2150E333-8FDC-42A3-9474-1A3956D46DE8}") = "Presentation", "Presentation", "{8B8B0BA0-35FF-4A2F-8509-54A1B950D86E}"
EndProject
Global
	GlobalSection(SolutionConfigurationPlatforms) = preSolution
		Debug|Any CPU = Debug|Any CPU
		Release|Any CPU = Release|Any CPU
	EndGlobalSection
	GlobalSection(ProjectConfigurationPlatforms) = postSolution
		{54C69508-2C03-4E76-90C3-F88D49B24543}.Debug|Any CPU.ActiveCfg = Debug|Any CPU
		{54C69508-2C03-4E76-90C3-F88D49B24543}.Debug|Any CPU.Build.0 = Debug|Any CPU
		{54C69508-2C03-4E76-90C3-F88D49B24543}.Release|Any CPU.ActiveCfg = Release|Any CPU
		{54C69508-2C03-4E76-90C3-F88D49B24543}.Release|Any CPU.Build.0 = Release|Any CPU
		{13CE670E-9901-4D46-8FAC-339531A40B41}.Debug|Any CPU.ActiveCfg = Debug|Any CPU
		{13CE670E-9901-4D46-8FAC-339531A40B41}.Debug|Any CPU.Build.0 = Debug|Any CPU
		{13CE670E-9901-4D46-8FAC-339531A40B41}.Release|Any CPU.ActiveCfg = Release|Any CPU
		{13CE670E-9901-4D46-8FAC-339531A40B41}.Release|Any CPU.Build.0 = Release|Any CPU
		{CDEE1988-5103-43B2-B4B5-0458389ECE55}.Debug|Any CPU.ActiveCfg = Debug|Any CPU
		{CDEE1988-5103-43B2-B4B5-0458389ECE55}.Debug|Any CPU.Build.0 = Debug|Any CPU
		{CDEE1988-5103-43B2-B4B5-0458389ECE55}.Release|Any CPU.ActiveCfg = Release|Any CPU
		{CDEE1988-5103-43B2-B4B5-0458389ECE55}.Release|Any CPU.Build.0 = Release|Any CPU
		{4012700B-4717-4FC3-ABF3-531C83DDC058}.Debug|Any CPU.ActiveCfg = Debug|Any CPU
		{4012700B-4717-4FC3-ABF3-531C83DDC058}.Debug|Any CPU.Build.0 = Debug|Any CPU
		{4012700B-4717-4FC3-ABF3-531C83DDC058}.Release|Any CPU.ActiveCfg = Release|Any CPU
		{4012700B-4717-4FC3-ABF3-531C83DDC058}.Release|Any CPU.Build.0 = Release|Any CPU
		{FF559519-3747-4EF4-AD36-5783A112E177}.Debug|Any CPU.ActiveCfg = Debug|Any CPU
		{FF559519-3747-4EF4-AD36-5783A112E177}.Debug|Any CPU.Build.0 = Debug|Any CPU
		{FF559519-3747-4EF4-AD36-5783A112E177}.Release|Any CPU.ActiveCfg = Release|Any CPU
		{FF559519-3747-4EF4-AD36-5783A112E177}.Release|Any CPU.Build.0 = Release|Any CPU
	EndGlobalSection
	GlobalSection(SolutionProperties) = preSolution
		HideSolutionNode = FALSE
	EndGlobalSection
	GlobalSection(NestedProjects) = preSolution
		{54C69508-2C03-4E76-90C3-F88D49B24543} = {8B8B0BA0-35FF-4A2F-8509-54A1B950D86E}
		{CDEE1988-5103-43B2-B4B5-0458389ECE55} = {7E6A639F-2A8D-4A7A-BCE5-63060074958F}
		{4012700B-4717-4FC3-ABF3-531C83DDC058} = {7E6A639F-2A8D-4A7A-BCE5-63060074958F}
		{FF559519-3747-4EF4-AD36-5783A112E177} = {8B8B0BA0-35FF-4A2F-8509-54A1B950D86E}
	EndGlobalSection
	GlobalSection(ExtensibilityGlobals) = postSolution
		SolutionGuid = {6EBB98DF-ACE0-4B85-A9A3-9FFB14F2EE6E}
	EndGlobalSection
EndGlobal
